
Microsoft Visual Studio Solution File, Format Version 12.00
Project("{FAE04EC0-301F-11D3-BF4B-00C04F79EFBC}") = "Xamarin.Droid.UIToolbox", "Xamarin.Droid.UIToolbox\Xamarin.Droid.UIToolbox.csproj", "{1D5AC02D-2752-4023-A5EF-3005A2A361A5}"
EndProject
Global
	GlobalSection(SolutionConfigurationPlatforms) = preSolution
		Debug|Any CPU = Debug|Any CPU
		Release|Any CPU = Release|Any CPU
	EndGlobalSection
	GlobalSection(ProjectConfigurationPlatforms) = postSolution
		{1D5AC02D-2752-4023-A5EF-3005A2A361A5}.Debug|Any CPU.ActiveCfg = Debug|Any CPU
		{1D5AC02D-2752-4023-A5EF-3005A2A361A5}.Debug|Any CPU.Build.0 = Debug|Any CPU
		{1D5AC02D-2752-4023-A5EF-3005A2A361A5}.Release|Any CPU.ActiveCfg = Release|Any CPU
		{1D5AC02D-2752-4023-A5EF-3005A2A361A5}.Release|Any CPU.Build.0 = Release|Any CPU
	EndGlobalSection
EndGlobal
